
Microsoft Visual Studio Solution File, Format Version 12.00
# Visual Studio Version 17
VisualStudioVersion = 17.8.34330.188
MinimumVisualStudioVersion = 10.0.40219.1
Project("{FAE04EC0-301F-11D3-BF4B-00C04F79EFBC}") = "QLKS v1", "QLKS v1\QLKS v1.csproj", "{22DCD171-4B54-476F-AA80-A2BEB013452E}"
EndProject
Global
	GlobalSection(SolutionConfigurationPlatforms) = preSolution
		Debug|Any CPU = Debug|Any CPU
		Release|Any CPU = Release|Any CPU
	EndGlobalSection
	GlobalSection(ProjectConfigurationPlatforms) = postSolution
		{22DCD171-4B54-476F-AA80-A2BEB013452E}.Debug|Any CPU.ActiveCfg = Debug|Any CPU
		{22DCD171-4B54-476F-AA80-A2BEB013452E}.Debug|Any CPU.Build.0 = Debug|Any CPU
		{22DCD171-4B54-476F-AA80-A2BEB013452E}.Release|Any CPU.ActiveCfg = Release|Any CPU
		{22DCD171-4B54-476F-AA80-A2BEB013452E}.Release|Any CPU.Build.0 = Release|Any CPU
	EndGlobalSection
	GlobalSection(SolutionProperties) = preSolution
		HideSolutionNode = FALSE
	EndGlobalSection
	GlobalSection(ExtensibilityGlobals) = postSolution
		SolutionGuid = {45C41A67-BF6C-4FB0-B243-DE7685E5B313}
	EndGlobalSection
EndGlobal
